
Microsoft Visual Studio Solution File, Format Version 12.00
# Visual Studio Version 16
VisualStudioVersion = 16.0.32002.261
MinimumVisualStudioVersion = 10.0.40219.1
Project("{9A19103F-16F7-4668-BE54-9A1E7A4F7556}") = "Three", "Three\Three.csproj", "{68A26213-5894-48B0-8B20-62B635F31E41}"
EndProject
Project("{9A19103F-16F7-4668-BE54-9A1E7A4F7556}") = "ThreePage", "ThreePage\ThreePage.csproj", "{82708062-9653-4D21-855F-D9C74BB94839}"
EndProject
Project("{FAE04EC0-301F-11D3-BF4B-00C04F79EFBC}") = "SinglR", "SinglR\SinglR.csproj", "{56A450C0-229D-4BA5-9BC1-B0F013EFC27B}"
EndProject
Global
	GlobalSection(SolutionConfigurationPlatforms) = preSolution
		Debug|Any CPU = Debug|Any CPU
		Release|Any CPU = Release|Any CPU
	EndGlobalSection
	GlobalSection(ProjectConfigurationPlatforms) = postSolution
		{68A26213-5894-48B0-8B20-62B635F31E41}.Debug|Any CPU.ActiveCfg = Debug|Any CPU
		{68A26213-5894-48B0-8B20-62B635F31E41}.Debug|Any CPU.Build.0 = Debug|Any CPU
		{68A26213-5894-48B0-8B20-62B635F31E41}.Release|Any CPU.ActiveCfg = Release|Any CPU
		{68A26213-5894-48B0-8B20-62B635F31E41}.Release|Any CPU.Build.0 = Release|Any CPU
		{82708062-9653-4D21-855F-D9C74BB94839}.Debug|Any CPU.ActiveCfg = Debug|Any CPU
		{82708062-9653-4D21-855F-D9C74BB94839}.Debug|Any CPU.Build.0 = Debug|Any CPU
		{82708062-9653-4D21-855F-D9C74BB94839}.Release|Any CPU.ActiveCfg = Release|Any CPU
		{82708062-9653-4D21-855F-D9C74BB94839}.Release|Any CPU.Build.0 = Release|Any CPU
		{56A450C0-229D-4BA5-9BC1-B0F013EFC27B}.Debug|Any CPU.ActiveCfg = Debug|Any CPU
		{56A450C0-229D-4BA5-9BC1-B0F013EFC27B}.Debug|Any CPU.Build.0 = Debug|Any CPU
		{56A450C0-229D-4BA5-9BC1-B0F013EFC27B}.Release|Any CPU.ActiveCfg = Release|Any CPU
		{56A450C0-229D-4BA5-9BC1-B0F013EFC27B}.Release|Any CPU.Build.0 = Release|Any CPU
	EndGlobalSection
	GlobalSection(SolutionProperties) = preSolution
		HideSolutionNode = FALSE
	EndGlobalSection
	GlobalSection(ExtensibilityGlobals) = postSolution
		SolutionGuid = {B39B04C1-C602-4D55-AF0C-89622F93D03A}
	EndGlobalSection
EndGlobal
